{
  "lockfileVersion": 1,
  "workspaces": {
    "": {
      "name": "filosign-sdk",
      "dependencies": {
        "filosign-crypto-utils": "^0.2.12",
        "hono": "^4.9.8",
        "zod": "^4.1.11",
      },
    },
  },
  "packages": {
    "filosign-crypto-utils": ["filosign-crypto-utils@0.2.12", "", {}, "sha512-Oh5i1lc/bJPAOa/Pz1fDwlY2t1jtsFELMa2nLMd8VUnjcLqevntHgv1I4eJaGMtvMS8MaO8OwSPhDFRDAX7jCA=="],

    "hono": ["hono@4.9.9", "", {}, "sha512-Hxw4wT6zjJGZJdkJzAx9PyBdf7ZpxaTSA0NfxqjLghwMrLBX8p33hJBzoETRakF3UJu6OdNQBZAlNSkGqKFukw=="],

    "zod": ["zod@4.1.11", "", {}, "sha512-WPsqwxITS2tzx1bzhIKsEs19ABD5vmCVa4xBo2tq/SrV4RNZtfws1EnCWQXM6yh8bD08a1idvkB5MZSBiZsjwg=="],
  }
}
